// !$*UTF8*$!
{
	archiveVersion = 1;
	classes = {
	};
	objectVersion = 50;
	objects = {

/* Begin PBXBuildFile section */
		1836E72E22FDF3AB00271E3A /* AppDelegate.swift in Sources */ = {isa = PBXBuildFile; fileRef = 1836E72D22FDF3AB00271E3A /* AppDelegate.swift */; };
		1836E73022FDF3AB00271E3A /* ViewController.swift in Sources */ = {isa = PBXBuildFile; fileRef = 1836E72F22FDF3AB00271E3A /* ViewController.swift */; };
		1836E73322FDF3AB00271E3A /* Main.storyboard in Resources */ = {isa = PBXBuildFile; fileRef = 1836E73122FDF3AB00271E3A /* Main.storyboard */; };
		1836E73522FDF3AD00271E3A /* Assets.xcassets in Resources */ = {isa = PBXBuildFile; fileRef = 1836E73422FDF3AD00271E3A /* Assets.xcassets */; };
		1836E73822FDF3AD00271E3A /* LaunchScreen.storyboard in Resources */ = {isa = PBXBuildFile; fileRef = 1836E73622FDF3AD00271E3A /* LaunchScreen.storyboard */; };
		1836E74322FDF3AD00271E3A /* TestingTests.swift in Sources */ = {isa = PBXBuildFile; fileRef = 1836E74222FDF3AD00271E3A /* TestingTests.swift */; };
		1836E74E22FDF3AD00271E3A /* TestingUITests.swift in Sources */ = {isa = PBXBuildFile; fileRef = 1836E74D22FDF3AD00271E3A /* TestingUITests.swift */; };
/* End PBXBuildFile section */

/* Begin PBXContainerItemProxy section */
		1836E73F22FDF3AD00271E3A /* PBXContainerItemProxy */ = {
			isa = PBXContainerItemProxy;
			containerPortal = 1836E72222FDF3AB00271E3A /* Project object */;
			proxyType = 1;
			remoteGlobalIDString = 1836E72922FDF3AB00271E3A;
			remoteInfo = Testing;
		};
		1836E74A22FDF3AD00271E3A /* PBXContainerItemProxy */ = {
			isa = PBXContainerItemProxy;
			containerPortal = 1836E72222FDF3AB00271E3A /* Project object */;
			proxyType = 1;
			remoteGlobalIDString = 1836E72922FDF3AB00271E3A;
			remoteInfo = Testing;
		};
/* End PBXContainerItemProxy section */

/* Begin PBXFileReference section */
		1836E72A22FDF3AB00271E3A /* Testing.app */ = {isa = PBXFileReference; explicitFileType = wrapper.application; includeInIndex = 0; path = Testing.app; sourceTree = BUILT_PRODUCTS_DIR; };
		1836E72D22FDF3AB00271E3A /* AppDelegate.swift */ = {isa = PBXFileReference; lastKnownFileType = sourcecode.swift; path = AppDelegate.swift; sourceTree = "<group>"; };
		1836E72F22FDF3AB00271E3A /* ViewController.swift */ = {isa = PBXFileReference; lastKnownFileType = sourcecode.swift; path = ViewController.swift; sourceTree = "<group>"; };
		1836E73222FDF3AB00271E3A /* Base */ = {isa = PBXFileReference; lastKnownFileType = file.storyboard; name = Base; path = Base.lproj/Main.storyboard; sourceTree = "<group>"; };
		1836E73422FDF3AD00271E3A /* Assets.xcassets */ = {isa = PBXFileReference; lastKnownFileType = folder.assetcatalog; path = Assets.xcassets; sourceTree = "<group>"; };
		1836E73722FDF3AD00271E3A /* Base */ = {isa = PBXFileReference; lastKnownFileType = file.storyboard; name = Base; path = Base.lproj/LaunchScreen.storyboard; sourceTree = "<group>"; };
		1836E73922FDF3AD00271E3A /* Info.plist */ = {isa = PBXFileReference; lastKnownFileType = text.plist.xml; path = Info.plist; sourceTree = "<group>"; };
		1836E73E22FDF3AD00271E3A /* TestingTests.xctest */ = {isa = PBXFileReference; explicitFileType = wrapper.cfbundle; includeInIndex = 0; path = TestingTests.xctest; sourceTree = BUILT_PRODUCTS_DIR; };
		1836E74222FDF3AD00271E3A /* TestingTests.swift */ = {isa = PBXFileReference; lastKnownFileType = sourcecode.swift; path = TestingTests.swift; sourceTree = "<group>"; };
		1836E74422FDF3AD00271E3A /* Info.plist */ = {isa = PBXFileReference; lastKnownFileType = text.plist.xml; path = Info.plist; sourceTree = "<group>"; };
		1836E74922FDF3AD00271E3A /* TestingUITests.xctest */ = {isa = PBXFileReference; explicitFileType = wrapper.cfbundle; includeInIndex = 0; path = TestingUITests.xctest; sourceTree = BUILT_PRODUCTS_DIR; };
		1836E74D22FDF3AD00271E3A /* TestingUITests.swift */ = {isa = PBXFileReference; lastKnownFileType = sourcecode.swift; path = TestingUITests.swift; sourceTree = "<group>"; };
		1836E74F22FDF3AD00271E3A /* Info.plist */ = {isa = PBXFileReference; lastKnownFileType = text.plist.xml; path = Info.plist; sourceTree = "<group>"; };
/* End PBXFileReference section */

/* Begin PBXFrameworksBuildPhase section */
		1836E72722FDF3AB00271E3A /* Frameworks */ = {
			isa = PBXFrameworksBuildPhase;
			buildActionMask = 2147483647;
			files = (
			);
			runOnlyForDeploymentPostprocessing = 0;
		};
		1836E73B22FDF3AD00271E3A /* Frameworks */ = {
			isa = PBXFrameworksBuildPhase;
			buildActionMask = 2147483647;
			files = (
			);
			runOnlyForDeploymentPostprocessing = 0;
		};
		1836E74622FDF3AD00271E3A /* Frameworks */ = {
			isa = PBXFrameworksBuildPhase;
			buildActionMask = 2147483647;
			files = (
			);
			runOnlyForDeploymentPostprocessing = 0;
		};
/* End PBXFrameworksBuildPhase section */

/* Begin PBXGroup section */
		1836E72122FDF3AB00271E3A = {
			isa = PBXGroup;
			children = (
				1836E72C22FDF3AB00271E3A /* Testing */,
				1836E74122FDF3AD00271E3A /* TestingTests */,
				1836E74C22FDF3AD00271E3A /* TestingUITests */,
				1836E72B22FDF3AB00271E3A /* Products */,
			);
			sourceTree = "<group>";
		};
		1836E72B22FDF3AB00271E3A /* Products */ = {
			isa = PBXGroup;
			children = (
				1836E72A22FDF3AB00271E3A /* Testing.app */,
				1836E73E22FDF3AD00271E3A /* TestingTests.xctest */,
				1836E74922FDF3AD00271E3A /* TestingUITests.xctest */,
			);
			name = Products;
			sourceTree = "<group>";
		};
		1836E72C22FDF3AB00271E3A /* Testing */ = {
			isa = PBXGroup;
			children = (
				1836E72D22FDF3AB00271E3A /* AppDelegate.swift */,
				1836E72F22FDF3AB00271E3A /* ViewController.swift */,
				1836E73122FDF3AB00271E3A /* Main.storyboard */,
				1836E73422FDF3AD00271E3A /* Assets.xcassets */,
				1836E73622FDF3AD00271E3A /* LaunchScreen.storyboard */,
				1836E73922FDF3AD00271E3A /* Info.plist */,
			);
			path = Testing;
			sourceTree = "<group>";
		};
		1836E74122FDF3AD00271E3A /* TestingTests */ = {
			isa = PBXGroup;
			children = (
				1836E74222FDF3AD00271E3A /* TestingTests.swift */,
				1836E74422FDF3AD00271E3A /* Info.plist */,
			);
			path = TestingTests;
			sourceTree = "<group>";
		};
		1836E74C22FDF3AD00271E3A /* TestingUITests */ = {
			isa = PBXGroup;
			children = (
				1836E74D22FDF3AD00271E3A /* TestingUITests.swift */,
				1836E74F22FDF3AD00271E3A /* Info.plist */,
			);
			path = TestingUITests;
			sourceTree = "<group>";
		};
/* End PBXGroup section */

/* Begin PBXNativeTarget section */
		1836E72922FDF3AB00271E3A /* Testing */ = {
			isa = PBXNativeTarget;
			buildConfigurationList = 1836E75222FDF3AD00271E3A /* Build configuration list for PBXNativeTarget "Testing" */;
			buildPhases = (
				1836E72622FDF3AB00271E3A /* Sources */,
				1836E72722FDF3AB00271E3A /* Frameworks */,
				1836E72822FDF3AB00271E3A /* Resources */,
			);
			buildRules = (
			);
			dependencies = (
			);
			name = Testing;
			productName = Testing;
			productReference = 1836E72A22FDF3AB00271E3A /* Testing.app */;
			productType = "com.apple.product-type.application";
		};
		1836E73D22FDF3AD00271E3A /* TestingTests */ = {
			isa = PBXNativeTarget;
			buildConfigurationList = 1836E75522FDF3AD00271E3A /* Build configuration list for PBXNativeTarget "TestingTests" */;
			buildPhases = (
				1836E73A22FDF3AD00271E3A /* Sources */,
				1836E73B22FDF3AD00271E3A /* Frameworks */,
				1836E73C22FDF3AD00271E3A /* Resources */,
			);
			buildRules = (
			);
			dependencies = (
				1836E74022FDF3AD00271E3A /* PBXTargetDependency */,
			);
			name = TestingTests;
			productName = TestingTests;
			productReference = 1836E73E22FDF3AD00271E3A /* TestingTests.xctest */;
			productType = "com.apple.product-type.bundle.unit-test";
		};
		1836E74822FDF3AD00271E3A /* TestingUITests */ = {
			isa = PBXNativeTarget;
			buildConfigurationList = 1836E75822FDF3AD00271E3A /* Build configuration list for PBXNativeTarget "TestingUITests" */;
			buildPhases = (
				1836E74522FDF3AD00271E3A /* Sources */,
				1836E74622FDF3AD00271E3A /* Frameworks */,
				1836E74722FDF3AD00271E3A /* Resources */,
			);
			buildRules = (
			);
			dependencies = (
				1836E74B22FDF3AD00271E3A /* PBXTargetDependency */,
			);
			name = TestingUITests;
			productName = TestingUITests;
			productReference = 1836E74922FDF3AD00271E3A /* TestingUITests.xctest */;
			productType = "com.apple.product-type.bundle.ui-testing";
		};
/* End PBXNativeTarget section */

/* Begin PBXProject section */
		1836E72222FDF3AB00271E3A /* Project object */ = {
			isa = PBXProject;
			attributes = {
				LastSwiftUpdateCheck = 1020;
				LastUpgradeCheck = 1020;
				ORGANIZATIONNAME = Emmy;
				TargetAttributes = {
					1836E72922FDF3AB00271E3A = {
						CreatedOnToolsVersion = 10.2.1;
					};
					1836E73D22FDF3AD00271E3A = {
						CreatedOnToolsVersion = 10.2.1;
						TestTargetID = 1836E72922FDF3AB00271E3A;
					};
					1836E74822FDF3AD00271E3A = {
						CreatedOnToolsVersion = 10.2.1;
						TestTargetID = 1836E72922FDF3AB00271E3A;
					};
				};
			};
			buildConfigurationList = 1836E72522FDF3AB00271E3A /* Build configuration list for PBXProject "Testing" */;
			compatibilityVersion = "Xcode 9.3";
			developmentRegion = en;
			hasScannedForEncodings = 0;
			knownRegions = (
				en,
				Base,
			);
			mainGroup = 1836E72122FDF3AB00271E3A;
			productRefGroup = 1836E72B22FDF3AB00271E3A /* Products */;
			projectDirPath = "";
			projectRoot = "";
			targets = (
				1836E72922FDF3AB00271E3A /* Testing */,
				1836E73D22FDF3AD00271E3A /* TestingTests */,
				1836E74822FDF3AD00271E3A /* TestingUITests */,
			);
		};
/* End PBXProject section */

/* Begin PBXResourcesBuildPhase section */
		1836E72822FDF3AB00271E3A /* Resources */ = {
			isa = PBXResourcesBuildPhase;
			buildActionMask = 2147483647;
			files = (
				1836E73822FDF3AD00271E3A /* LaunchScreen.storyboard in Resources */,
				1836E73522FDF3AD00271E3A /* Assets.xcassets in Resources */,
				1836E73322FDF3AB00271E3A /* Main.storyboard in Resources */,
			);
			runOnlyForDeploymentPostprocessing = 0;
		};
		1836E73C22FDF3AD00271E3A /* Resources */ = {
			isa = PBXResourcesBuildPhase;
			buildActionMask = 2147483647;
			files = (
			);
			runOnlyForDeploymentPostprocessing = 0;
		};
		1836E74722FDF3AD00271E3A /* Resources */ = {
			isa = PBXResourcesBuildPhase;
			buildActionMask = 2147483647;
			files = (
			);
			runOnlyForDeploymentPostprocessing = 0;
		};
/* End PBXResourcesBuildPhase section */

/* Begin PBXSourcesBuildPhase section */
		1836E72622FDF3AB00271E3A /* Sources */ = {
			isa = PBXSourcesBuildPhase;
			buildActionMask = 2147483647;
			files = (
				1836E73022FDF3AB00271E3A /* ViewController.swift in Sources */,
				1836E72E22FDF3AB00271E3A /* AppDelegate.swift in Sources */,
			);
			runOnlyForDeploymentPostprocessing = 0;
		};
		1836E73A22FDF3AD00271E3A /* Sources */ = {
			isa = PBXSourcesBuildPhase;
			buildActionMask = 2147483647;
			files = (
				1836E74322FDF3AD00271E3A /* TestingTests.swift in Sources */,
			);
			runOnlyForDeploymentPostprocessing = 0;
		};
		1836E74522FDF3AD00271E3A /* Sources */ = {
			isa = PBXSourcesBuildPhase;
			buildActionMask = 2147483647;
			files = (
				1836E74E22FDF3AD00271E3A /* TestingUITests.swift in Sources */,
			);
			runOnlyForDeploymentPostprocessing = 0;
		};
/* End PBXSourcesBuildPhase section */

/* Begin PBXTargetDependency section */
		1836E74022FDF3AD00271E3A /* PBXTargetDependency */ = {
			isa = PBXTargetDependency;
			target = 1836E72922FDF3AB00271E3A /* Testing */;
			targetProxy = 1836E73F22FDF3AD00271E3A /* PBXContainerItemProxy */;
		};
		1836E74B22FDF3AD00271E3A /* PBXTargetDependency */ = {
			isa = PBXTargetDependency;
			target = 1836E72922FDF3AB00271E3A /* Testing */;
			targetProxy = 1836E74A22FDF3AD00271E3A /* PBXContainerItemProxy */;
		};
/* End PBXTargetDependency section */

/* Begin PBXVariantGroup section */
		1836E73122FDF3AB00271E3A /* Main.storyboard */ = {
			isa = PBXVariantGroup;
			children = (
				1836E73222FDF3AB00271E3A /* Base */,
			);
			name = Main.storyboard;
			sourceTree = "<group>";
		};
		1836E73622FDF3AD00271E3A /* LaunchScreen.storyboard */ = {
			isa = PBXVariantGroup;
			children = (
				1836E73722FDF3AD00271E3A /* Base */,
			);
			name = LaunchScreen.storyboard;
			sourceTree = "<group>";
		};
/* End PBXVariantGroup section */

/* Begin XCBuildConfiguration section */
		1836E75022FDF3AD00271E3A /* Debug */ = {
			isa = XCBuildConfiguration;
			buildSettings = {
				ALWAYS_SEARCH_USER_PATHS = NO;
				CLANG_ANALYZER_NONNULL = YES;
				CLANG_ANALYZER_NUMBER_OBJECT_CONVERSION = YES_AGGRESSIVE;
				CLANG_CXX_LANGUAGE_STANDARD = "gnu++14";
				CLANG_CXX_LIBRARY = "libc++";
				CLANG_ENABLE_MODULES = YES;
				CLANG_ENABLE_OBJC_ARC = YES;
				CLANG_ENABLE_OBJC_WEAK = YES;
				CLANG_WARN_BLOCK_CAPTURE_AUTORELEASING = YES;
				CLANG_WARN_BOOL_CONVERSION = YES;
				CLANG_WARN_COMMA = YES;
				CLANG_WARN_CONSTANT_CONVERSION = YES;
				CLANG_WARN_DEPRECATED_OBJC_IMPLEMENTATIONS = YES;
				CLANG_WARN_DIRECT_OBJC_ISA_USAGE = YES_ERROR;
				CLANG_WARN_DOCUMENTATION_COMMENTS = YES;
				CLANG_WARN_EMPTY_BODY = YES;
				CLANG_WARN_ENUM_CONVERSION = YES;
				CLANG_WARN_INFINITE_RECURSION = YES;
				CLANG_WARN_INT_CONVERSION = YES;
				CLANG_WARN_NON_LITERAL_NULL_CONVERSION = YES;
				CLANG_WARN_OBJC_IMPLICIT_RETAIN_SELF = YES;
				CLANG_WARN_OBJC_LITERAL_CONVERSION = YES;
				CLANG_WARN_OBJC_ROOT_CLASS = YES_ERROR;
				CLANG_WARN_RANGE_LOOP_ANALYSIS = YES;
				CLANG_WARN_STRICT_PROTOTYPES = YES;
				CLANG_WARN_SUSPICIOUS_MOVE = YES;
				CLANG_WARN_UNGUARDED_AVAILABILITY = YES_AGGRESSIVE;
				CLANG_WARN_UNREACHABLE_CODE = YES;
				CLANG_WARN__DUPLICATE_METHOD_MATCH = YES;
				CODE_SIGN_IDENTITY = "iPhone Developer";
				COPY_PHASE_STRIP = NO;
				DEBUG_INFORMATION_FORMAT = dwarf;
				ENABLE_STRICT_OBJC_MSGSEND = YES;
				ENABLE_TESTABILITY = YES;
				GCC_C_LANGUAGE_STANDARD = gnu11;
				GCC_DYNAMIC_NO_PIC = NO;
				GCC_NO_COMMON_BLOCKS = YES;
				GCC_OPTIMIZATION_LEVEL = 0;
				GCC_PREPROCESSOR_DEFINITIONS = (
					"DEBUG=1",
					"$(inherited)",
				);
				GCC_WARN_64_TO_32_BIT_CONVERSION = YES;
				GCC_WARN_ABOUT_RETURN_TYPE = YES_ERROR;
				GCC_WARN_UNDECLARED_SELECTOR = YES;
				GCC_WARN_UNINITIALIZED_AUTOS = YES_AGGRESSIVE;
				GCC_WARN_UNUSED_FUNCTION = YES;
				GCC_WARN_UNUSED_VARIABLE = YES;
				IPHONEOS_DEPLOYMENT_TARGET = 12.2;
				MTL_ENABLE_DEBUG_INFO = INCLUDE_SOURCE;
				MTL_FAST_MATH = YES;
				ONLY_ACTIVE_ARCH = YES;
				SDKROOT = iphoneos;
				SWIFT_ACTIVE_COMPILATION_CONDITIONS = DEBUG;
				SWIFT_OPTIMIZATION_LEVEL = "-Onone";
			};
			name = Debug;
		};
		1836E75122FDF3AD00271E3A /* Release */ = {
			isa = XCBuildConfiguration;
			buildSettings = {
				ALWAYS_SEARCH_USER_PATHS = NO;
				CLANG_ANALYZER_NONNULL = YES;
				CLANG_ANALYZER_NUMBER_OBJECT_CONVERSION = YES_AGGRESSIVE;
				CLANG_CXX_LANGUAGE_STANDARD = "gnu++14";
				CLANG_CXX_LIBRARY = "libc++";
				CLANG_ENABLE_MODULES = YES;
				CLANG_ENABLE_OBJC_ARC = YES;
				CLANG_ENABLE_OBJC_WEAK = YES;
				CLANG_WARN_BLOCK_CAPTURE_AUTORELEASING = YES;
				CLANG_WARN_BOOL_CONVERSION = YES;
				CLANG_WARN_COMMA = YES;
				CLANG_WARN_CONSTANT_CONVERSION = YES;
				CLANG_WARN_DEPRECATED_OBJC_IMPLEMENTATIONS = YES;
				CLANG_WARN_DIRECT_OBJC_ISA_USAGE = YES_ERROR;
				CLANG_WARN_DOCUMENTATION_COMMENTS = YES;
				CLANG_WARN_EMPTY_BODY = YES;
				CLANG_WARN_ENUM_CONVERSION = YES;
				CLANG_WARN_INFINITE_RECURSION = YES;
				CLANG_WARN_INT_CONVERSION = YES;
				CLANG_WARN_NON_LITERAL_NULL_CONVERSION = YES;
				CLANG_WARN_OBJC_IMPLICIT_RETAIN_SELF = YES;
				CLANG_WARN_OBJC_LITERAL_CONVERSION = YES;
				CLANG_WARN_OBJC_ROOT_CLASS = YES_ERROR;
				CLANG_WARN_RANGE_LOOP_ANALYSIS = YES;
				CLANG_WARN_STRICT_PROTOTYPES = YES;
				CLANG_WARN_SUSPICIOUS_MOVE = YES;
				CLANG_WARN_UNGUARDED_AVAILABILITY = YES_AGGRESSIVE;
				CLANG_WARN_UNREACHABLE_CODE = YES;
				CLANG_WARN__DUPLICATE_METHOD_MATCH = YES;
				CODE_SIGN_IDENTITY = "iPhone Developer";
				COPY_PHASE_STRIP = NO;
				DEBUG_INFORMATION_FORMAT = "dwarf-with-dsym";
				ENABLE_NS_ASSERTIONS = NO;
				ENABLE_STRICT_OBJC_MSGSEND = YES;
				GCC_C_LANGUAGE_STANDARD = gnu11;
				GCC_NO_COMMON_BLOCKS = YES;
				GCC_WARN_64_TO_32_BIT_CONVERSION = YES;
				GCC_WARN_ABOUT_RETURN_TYPE = YES_ERROR;
				GCC_WARN_UNDECLARED_SELECTOR = YES;
				GCC_WARN_UNINITIALIZED_AUTOS = YES_AGGRESSIVE;
				GCC_WARN_UNUSED_FUNCTION = YES;
				GCC_WARN_UNUSED_VARIABLE = YES;
				IPHONEOS_DEPLOYMENT_TARGET = 12.2;
				MTL_ENABLE_DEBUG_INFO = NO;
				MTL_FAST_MATH = YES;
				SDKROOT = iphoneos;
				SWIFT_COMPILATION_MODE = wholemodule;
				SWIFT_OPTIMIZATION_LEVEL = "-O";
				VALIDATE_PRODUCT = YES;
			};
			name = Release;
		};
		1836E75322FDF3AD00271E3A /* Debug */ = {
			isa = XCBuildConfiguration;
			buildSettings = {
				ASSETCATALOG_COMPILER_APPICON_NAME = AppIcon;
				CODE_SIGN_STYLE = Automatic;
				INFOPLIST_FILE = Testing/Info.plist;
				LD_RUNPATH_SEARCH_PATHS = (
					"$(inherited)",
					"@executable_path/Frameworks",
				);
				PRODUCT_BUNDLE_IDENTIFIER = KWK.Testing;
				PRODUCT_NAME = "$(TARGET_NAME)";
				SWIFT_VERSION = 5.0;
				TARGETED_DEVICE_FAMILY = "1,2";
			};
			name = Debug;
		};
		1836E75422FDF3AD00271E3A /* Release */ = {
			isa = XCBuildConfiguration;
			buildSettings = {
				ASSETCATALOG_COMPILER_APPICON_NAME = AppIcon;
				CODE_SIGN_STYLE = Automatic;
				INFOPLIST_FILE = Testing/Info.plist;
				LD_RUNPATH_SEARCH_PATHS = (
					"$(inherited)",
					"@executable_path/Frameworks",
				);
				PRODUCT_BUNDLE_IDENTIFIER = KWK.Testing;
				PRODUCT_NAME = "$(TARGET_NAME)";
				SWIFT_VERSION = 5.0;
				TARGETED_DEVICE_FAMILY = "1,2";
			};
			name = Release;
		};
		1836E75622FDF3AD00271E3A /* Debug */ = {
			isa = XCBuildConfiguration;
			buildSettings = {
				ALWAYS_EMBED_SWIFT_STANDARD_LIBRARIES = YES;
				BUNDLE_LOADER = "$(TEST_HOST)";
				CODE_SIGN_STYLE = Automatic;
				INFOPLIST_FILE = TestingTests/Info.plist;
				LD_RUNPATH_SEARCH_PATHS = (
					"$(inherited)",
					"@executable_path/Frameworks",
					"@loader_path/Frameworks",
				);
				PRODUCT_BUNDLE_IDENTIFIER = KWK.TestingTests;
				PRODUCT_NAME = "$(TARGET_NAME)";
				SWIFT_VERSION = 5.0;
				TARGETED_DEVICE_FAMILY = "1,2";
				TEST_HOST = "$(BUILT_PRODUCTS_DIR)/Testing.app/Testing";
			};
			name = Debug;
		};
		1836E75722FDF3AD00271E3A /* Release */ = {
			isa = XCBuildConfiguration;
			buildSettings = {
				ALWAYS_EMBED_SWIFT_STANDARD_LIBRARIES = YES;
				BUNDLE_LOADER = "$(TEST_HOST)";
				CODE_SIGN_STYLE = Automatic;
				INFOPLIST_FILE = TestingTests/Info.plist;
				LD_RUNPATH_SEARCH_PATHS = (
					"$(inherited)",
					"@executable_path/Frameworks",
					"@loader_path/Frameworks",
				);
				PRODUCT_BUNDLE_IDENTIFIER = KWK.TestingTests;
				PRODUCT_NAME = "$(TARGET_NAME)";
				SWIFT_VERSION = 5.0;
				TARGETED_DEVICE_FAMILY = "1,2";
				TEST_HOST = "$(BUILT_PRODUCTS_DIR)/Testing.app/Testing";
			};
			name = Release;
		};
		1836E75922FDF3AD00271E3A /* Debug */ = {
			isa = XCBuildConfiguration;
			buildSettings = {
				ALWAYS_EMBED_SWIFT_STANDARD_LIBRARIES = YES;
				CODE_SIGN_STYLE = Automatic;
				INFOPLIST_FILE = TestingUITests/Info.plist;
				LD_RUNPATH_SEARCH_PATHS = (
					"$(inherited)",
					"@executable_path/Frameworks",
					"@loader_path/Frameworks",
				);
				PRODUCT_BUNDLE_IDENTIFIER = KWK.TestingUITests;
				PRODUCT_NAME = "$(TARGET_NAME)";
				SWIFT_VERSION = 5.0;
				TARGETED_DEVICE_FAMILY = "1,2";
				TEST_TARGET_NAME = Testing;
			};
			name = Debug;
		};
		1836E75A22FDF3AD00271E3A /* Release */ = {
			isa = XCBuildConfiguration;
			buildSettings = {
				ALWAYS_EMBED_SWIFT_STANDARD_LIBRARIES = YES;
				CODE_SIGN_STYLE = Automatic;
				INFOPLIST_FILE = TestingUITests/Info.plist;
				LD_RUNPATH_SEARCH_PATHS = (
					"$(inherited)",
					"@executable_path/Frameworks",
					"@loader_path/Frameworks",
				);
				PRODUCT_BUNDLE_IDENTIFIER = KWK.TestingUITests;
				PRODUCT_NAME = "$(TARGET_NAME)";
				SWIFT_VERSION = 5.0;
				TARGETED_DEVICE_FAMILY = "1,2";
				TEST_TARGET_NAME = Testing;
			};
			name = Release;
		};
/* End XCBuildConfiguration section */

/* Begin XCConfigurationList section */
		1836E72522FDF3AB00271E3A /* Build configuration list for PBXProject "Testing" */ = {
			isa = XCConfigurationList;
			buildConfigurations = (
				1836E75022FDF3AD00271E3A /* Debug */,
				1836E75122FDF3AD00271E3A /* Release */,
			);
			defaultConfigurationIsVisible = 0;
			defaultConfigurationName = Release;
		};
		1836E75222FDF3AD00271E3A /* Build configuration list for PBXNativeTarget "Testing" */ = {
			isa = XCConfigurationList;
			buildConfigurations = (
				1836E75322FDF3AD00271E3A /* Debug */,
				1836E75422FDF3AD00271E3A /* Release */,
			);
			defaultConfigurationIsVisible = 0;
			defaultConfigurationName = Release;
		};
		1836E75522FDF3AD00271E3A /* Build configuration list for PBXNativeTarget "TestingTests" */ = {
			isa = XCConfigurationList;
			buildConfigurations = (
				1836E75622FDF3AD00271E3A /* Debug */,
				1836E75722FDF3AD00271E3A /* Release */,
			);
			defaultConfigurationIsVisible = 0;
			defaultConfigurationName = Release;
		};
		1836E75822FDF3AD00271E3A /* Build configuration list for PBXNativeTarget "TestingUITests" */ = {
			isa = XCConfigurationList;
			buildConfigurations = (
				1836E75922FDF3AD00271E3A /* Debug */,
				1836E75A22FDF3AD00271E3A /* Release */,
			);
			defaultConfigurationIsVisible = 0;
			defaultConfigurationName = Release;
		};
/* End XCConfigurationList section */
	};
	rootObject = 1836E72222FDF3AB00271E3A /* Project object */;
}
